
Microsoft Visual Studio Solution File, Format Version 12.00
# Visual Studio 15
Project("{FAE04EC0-301F-11D3-BF4B-00C04F79EFBC}") = "Assembly-CSharp", "Assembly-CSharp.csproj", "{ED32E40B-8BD8-3F00-70DE-56D25454AFAA}"
EndProject
Global
	GlobalSection(SolutionConfigurationPlatforms) = preSolution
		Debug|Any CPU = Debug|Any CPU
		Release|Any CPU = Release|Any CPU
	EndGlobalSection
	GlobalSection(ProjectConfigurationPlatforms) = postSolution
		{ED32E40B-8BD8-3F00-70DE-56D25454AFAA}.Debug|Any CPU.ActiveCfg = Debug|Any CPU
		{ED32E40B-8BD8-3F00-70DE-56D25454AFAA}.Debug|Any CPU.Build.0 = Debug|Any CPU
		{ED32E40B-8BD8-3F00-70DE-56D25454AFAA}.Release|Any CPU.ActiveCfg = Release|Any CPU
		{ED32E40B-8BD8-3F00-70DE-56D25454AFAA}.Release|Any CPU.Build.0 = Release|Any CPU
	EndGlobalSection
	GlobalSection(SolutionProperties) = preSolution
		HideSolutionNode = FALSE
	EndGlobalSection
EndGlobal
